// !$*UTF8*$!
{
	archiveVersion = 1;
	classes = {
	};
	objectVersion = 46;
	objects = {

/* Begin PBXBuildFile section */
		4725BD701AD3CE0B001CED74 /* settings-25.png in Resources */ = {isa = PBXBuildFile; fileRef = 4725BD6F1AD3CE0B001CED74 /* settings-25.png */; };
		4725BD721AD3D00C001CED74 /* SettingViewController.swift in Sources */ = {isa = PBXBuildFile; fileRef = 4725BD711AD3D00C001CED74 /* SettingViewController.swift */; };
		4725BD761AD3D4C3001CED74 /* Constants.swift in Sources */ = {isa = PBXBuildFile; fileRef = 4725BD751AD3D4C3001CED74 /* Constants.swift */; };
		4725BD791AD4C75D001CED74 /* MyAnnotation.swift in Sources */ = {isa = PBXBuildFile; fileRef = 4725BD781AD4C75C001CED74 /* MyAnnotation.swift */; };
		4725BD7B1AD4D800001CED74 /* drafting_compass-25.png in Resources */ = {isa = PBXBuildFile; fileRef = 4725BD7A1AD4D800001CED74 /* drafting_compass-25.png */; };
		4725BD7D1AD4D875001CED74 /* trash-25.png in Resources */ = {isa = PBXBuildFile; fileRef = 4725BD7C1AD4D875001CED74 /* trash-25.png */; };
		4725BD7F1AD4F496001CED74 /* LocationUtils.swift in Sources */ = {isa = PBXBuildFile; fileRef = 4725BD7E1AD4F496001CED74 /* LocationUtils.swift */; };
		473E515D1ADF99EC006109C8 /* LocationUtils.swift in Sources */ = {isa = PBXBuildFile; fileRef = 4725BD7E1AD4F496001CED74 /* LocationUtils.swift */; };
		476904041ADF80AA00A479AE /* NotificationCenter.framework in Frameworks */ = {isa = PBXBuildFile; fileRef = 476904031ADF80AA00A479AE /* NotificationCenter.framework */; };
		476904091ADF80AA00A479AE /* TodayViewController.swift in Sources */ = {isa = PBXBuildFile; fileRef = 476904081ADF80AA00A479AE /* TodayViewController.swift */; };
		4769040B1ADF80AA00A479AE /* MainInterface.storyboard in Resources */ = {isa = PBXBuildFile; fileRef = 4769040A1ADF80AA00A479AE /* MainInterface.storyboard */; };
		4769040E1ADF80AA00A479AE /* I am here.appex in Embed App Extensions */ = {isa = PBXBuildFile; fileRef = 476904011ADF80A900A479AE /* I am here.appex */; settings = {ATTRIBUTES = (RemoveHeadersOnCopy, ); }; };
		47A556ED1AD3B17B0018E119 /* AppDelegate.swift in Sources */ = {isa = PBXBuildFile; fileRef = 47A556EC1AD3B17B0018E119 /* AppDelegate.swift */; };
		47A556F01AD3B17B0018E119 /* Here.xcdatamodeld in Sources */ = {isa = PBXBuildFile; fileRef = 47A556EE1AD3B17B0018E119 /* Here.xcdatamodeld */; };
		47A556F21AD3B17B0018E119 /* ViewController.swift in Sources */ = {isa = PBXBuildFile; fileRef = 47A556F11AD3B17B0018E119 /* ViewController.swift */; };
		47A556F51AD3B17B0018E119 /* Main.storyboard in Resources */ = {isa = PBXBuildFile; fileRef = 47A556F31AD3B17B0018E119 /* Main.storyboard */; };
		47A556F71AD3B17B0018E119 /* Images.xcassets in Resources */ = {isa = PBXBuildFile; fileRef = 47A556F61AD3B17B0018E119 /* Images.xcassets */; };
		47A556FA1AD3B17B0018E119 /* LaunchScreen.xib in Resources */ = {isa = PBXBuildFile; fileRef = 47A556F81AD3B17B0018E119 /* LaunchScreen.xib */; };
		47A557061AD3B17B0018E119 /* HereTests.swift in Sources */ = {isa = PBXBuildFile; fileRef = 47A557051AD3B17B0018E119 /* HereTests.swift */; };
		47A557101AD3B1930018E119 /* RootViewController.swift in Sources */ = {isa = PBXBuildFile; fileRef = 47A5570F1AD3B1930018E119 /* RootViewController.swift */; };
		47A557121AD3B1A90018E119 /* CoreLocation.framework in Frameworks */ = {isa = PBXBuildFile; fileRef = 47A557111AD3B1A90018E119 /* CoreLocation.framework */; };
		47A557141AD3B1AE0018E119 /* MapKit.framework in Frameworks */ = {isa = PBXBuildFile; fileRef = 47A557131AD3B1AE0018E119 /* MapKit.framework */; };
/* End PBXBuildFile section */

/* Begin PBXContainerItemProxy section */
		4769040C1ADF80AA00A479AE /* PBXContainerItemProxy */ = {
			isa = PBXContainerItemProxy;
			containerPortal = 47A556DF1AD3B17B0018E119 /* Project object */;
			proxyType = 1;
			remoteGlobalIDString = 476904001ADF80A900A479AE;
			remoteInfo = "I am here";
		};
		47A557001AD3B17B0018E119 /* PBXContainerItemProxy */ = {
			isa = PBXContainerItemProxy;
			containerPortal = 47A556DF1AD3B17B0018E119 /* Project object */;
			proxyType = 1;
			remoteGlobalIDString = 47A556E61AD3B17B0018E119;
			remoteInfo = Here;
		};
/* End PBXContainerItemProxy section */

/* Begin PBXCopyFilesBuildPhase section */
		476904121ADF80AA00A479AE /* Embed App Extensions */ = {
			isa = PBXCopyFilesBuildPhase;
			buildActionMask = 2147483647;
			dstPath = "";
			dstSubfolderSpec = 13;
			files = (
				4769040E1ADF80AA00A479AE /* I am here.appex in Embed App Extensions */,
			);
			name = "Embed App Extensions";
			runOnlyForDeploymentPostprocessing = 0;
		};
/* End PBXCopyFilesBuildPhase section */

/* Begin PBXFileReference section */
		4725BD6F1AD3CE0B001CED74 /* settings-25.png */ = {isa = PBXFileReference; lastKnownFileType = image.png; path = "settings-25.png"; sourceTree = "<group>"; };
		4725BD711AD3D00C001CED74 /* SettingViewController.swift */ = {isa = PBXFileReference; fileEncoding = 4; lastKnownFileType = sourcecode.swift; path = SettingViewController.swift; sourceTree = "<group>"; };
		4725BD751AD3D4C3001CED74 /* Constants.swift */ = {isa = PBXFileReference; fileEncoding = 4; lastKnownFileType = sourcecode.swift; name = Constants.swift; path = ../Constants.swift; sourceTree = "<group>"; };
		4725BD781AD4C75C001CED74 /* MyAnnotation.swift */ = {isa = PBXFileReference; fileEncoding = 4; lastKnownFileType = sourcecode.swift; path = MyAnnotation.swift; sourceTree = "<group>"; };
		4725BD7A1AD4D800001CED74 /* drafting_compass-25.png */ = {isa = PBXFileReference; lastKnownFileType = image.png; path = "drafting_compass-25.png"; sourceTree = "<group>"; };
		4725BD7C1AD4D875001CED74 /* trash-25.png */ = {isa = PBXFileReference; lastKnownFileType = image.png; path = "trash-25.png"; sourceTree = "<group>"; };
		4725BD7E1AD4F496001CED74 /* LocationUtils.swift */ = {isa = PBXFileReference; fileEncoding = 4; lastKnownFileType = sourcecode.swift; path = LocationUtils.swift; sourceTree = "<group>"; };
		476904011ADF80A900A479AE /* I am here.appex */ = {isa = PBXFileReference; explicitFileType = "wrapper.app-extension"; includeInIndex = 0; path = "I am here.appex"; sourceTree = BUILT_PRODUCTS_DIR; };
		476904031ADF80AA00A479AE /* NotificationCenter.framework */ = {isa = PBXFileReference; lastKnownFileType = wrapper.framework; name = NotificationCenter.framework; path = System/Library/Frameworks/NotificationCenter.framework; sourceTree = SDKROOT; };
		476904071ADF80AA00A479AE /* Info.plist */ = {isa = PBXFileReference; lastKnownFileType = text.plist.xml; path = Info.plist; sourceTree = "<group>"; };
		476904081ADF80AA00A479AE /* TodayViewController.swift */ = {isa = PBXFileReference; lastKnownFileType = sourcecode.swift; path = TodayViewController.swift; sourceTree = "<group>"; };
		4769040A1ADF80AA00A479AE /* MainInterface.storyboard */ = {isa = PBXFileReference; lastKnownFileType = file.storyboard; path = MainInterface.storyboard; sourceTree = "<group>"; };
		47A556E71AD3B17B0018E119 /* Here.app */ = {isa = PBXFileReference; explicitFileType = wrapper.application; includeInIndex = 0; path = Here.app; sourceTree = BUILT_PRODUCTS_DIR; };
		47A556EB1AD3B17B0018E119 /* Info.plist */ = {isa = PBXFileReference; lastKnownFileType = text.plist.xml; path = Info.plist; sourceTree = "<group>"; };
		47A556EC1AD3B17B0018E119 /* AppDelegate.swift */ = {isa = PBXFileReference; lastKnownFileType = sourcecode.swift; path = AppDelegate.swift; sourceTree = "<group>"; };
		47A556EF1AD3B17B0018E119 /* Here.xcdatamodel */ = {isa = PBXFileReference; lastKnownFileType = wrapper.xcdatamodel; path = Here.xcdatamodel; sourceTree = "<group>"; };
		47A556F11AD3B17B0018E119 /* ViewController.swift */ = {isa = PBXFileReference; lastKnownFileType = sourcecode.swift; path = ViewController.swift; sourceTree = "<group>"; };
		47A556F41AD3B17B0018E119 /* Base */ = {isa = PBXFileReference; lastKnownFileType = file.storyboard; name = Base; path = Base.lproj/Main.storyboard; sourceTree = "<group>"; };
		47A556F61AD3B17B0018E119 /* Images.xcassets */ = {isa = PBXFileReference; lastKnownFileType = folder.assetcatalog; path = Images.xcassets; sourceTree = "<group>"; };
		47A556F91AD3B17B0018E119 /* Base */ = {isa = PBXFileReference; lastKnownFileType = file.xib; name = Base; path = Base.lproj/LaunchScreen.xib; sourceTree = "<group>"; };
		47A556FF1AD3B17B0018E119 /* HereTests.xctest */ = {isa = PBXFileReference; explicitFileType = wrapper.cfbundle; includeInIndex = 0; path = HereTests.xctest; sourceTree = BUILT_PRODUCTS_DIR; };
		47A557041AD3B17B0018E119 /* Info.plist */ = {isa = PBXFileReference; lastKnownFileType = text.plist.xml; path = Info.plist; sourceTree = "<group>"; };
		47A557051AD3B17B0018E119 /* HereTests.swift */ = {isa = PBXFileReference; lastKnownFileType = sourcecode.swift; path = HereTests.swift; sourceTree = "<group>"; };
		47A5570F1AD3B1930018E119 /* RootViewController.swift */ = {isa = PBXFileReference; fileEncoding = 4; lastKnownFileType = sourcecode.swift; path = RootViewController.swift; sourceTree = "<group>"; };
		47A557111AD3B1A90018E119 /* CoreLocation.framework */ = {isa = PBXFileReference; lastKnownFileType = wrapper.framework; name = CoreLocation.framework; path = System/Library/Frameworks/CoreLocation.framework; sourceTree = SDKROOT; };
		47A557131AD3B1AE0018E119 /* MapKit.framework */ = {isa = PBXFileReference; lastKnownFileType = wrapper.framework; name = MapKit.framework; path = System/Library/Frameworks/MapKit.framework; sourceTree = SDKROOT; };
/* End PBXFileReference section */

/* Begin PBXFrameworksBuildPhase section */
		476903FE1ADF80A900A479AE /* Frameworks */ = {
			isa = PBXFrameworksBuildPhase;
			buildActionMask = 2147483647;
			files = (
				476904041ADF80AA00A479AE /* NotificationCenter.framework in Frameworks */,
			);
			runOnlyForDeploymentPostprocessing = 0;
		};
		47A556E41AD3B17B0018E119 /* Frameworks */ = {
			isa = PBXFrameworksBuildPhase;
			buildActionMask = 2147483647;
			files = (
				47A557141AD3B1AE0018E119 /* MapKit.framework in Frameworks */,
				47A557121AD3B1A90018E119 /* CoreLocation.framework in Frameworks */,
			);
			runOnlyForDeploymentPostprocessing = 0;
		};
		47A556FC1AD3B17B0018E119 /* Frameworks */ = {
			isa = PBXFrameworksBuildPhase;
			buildActionMask = 2147483647;
			files = (
			);
			runOnlyForDeploymentPostprocessing = 0;
		};
/* End PBXFrameworksBuildPhase section */

/* Begin PBXGroup section */
		4725BD771AD3DA1E001CED74 /* Controllers */ = {
			isa = PBXGroup;
			children = (
				47A556F11AD3B17B0018E119 /* ViewController.swift */,
				47A5570F1AD3B1930018E119 /* RootViewController.swift */,
				4725BD711AD3D00C001CED74 /* SettingViewController.swift */,
			);
			name = Controllers;
			sourceTree = "<group>";
		};
		476904021ADF80AA00A479AE /* Frameworks */ = {
			isa = PBXGroup;
			children = (
				476904031ADF80AA00A479AE /* NotificationCenter.framework */,
			);
			name = Frameworks;
			sourceTree = "<group>";
		};
		476904051ADF80AA00A479AE /* I am here */ = {
			isa = PBXGroup;
			children = (
				476904081ADF80AA00A479AE /* TodayViewController.swift */,
				4769040A1ADF80AA00A479AE /* MainInterface.storyboard */,
				476904061ADF80AA00A479AE /* Supporting Files */,
			);
			path = "I am here";
			sourceTree = "<group>";
		};
		476904061ADF80AA00A479AE /* Supporting Files */ = {
			isa = PBXGroup;
			children = (
				476904071ADF80AA00A479AE /* Info.plist */,
			);
			name = "Supporting Files";
			sourceTree = "<group>";
		};
		47A556DE1AD3B17B0018E119 = {
			isa = PBXGroup;
			children = (
				47A557131AD3B1AE0018E119 /* MapKit.framework */,
				47A557111AD3B1A90018E119 /* CoreLocation.framework */,
				47A556E91AD3B17B0018E119 /* Here */,
				47A557021AD3B17B0018E119 /* HereTests */,
				476904051ADF80AA00A479AE /* I am here */,
				476904021ADF80AA00A479AE /* Frameworks */,
				47A556E81AD3B17B0018E119 /* Products */,
			);
			sourceTree = "<group>";
		};
		47A556E81AD3B17B0018E119 /* Products */ = {
			isa = PBXGroup;
			children = (
				47A556E71AD3B17B0018E119 /* Here.app */,
				47A556FF1AD3B17B0018E119 /* HereTests.xctest */,
				476904011ADF80A900A479AE /* I am here.appex */,
			);
			name = Products;
			sourceTree = "<group>";
		};
		47A556E91AD3B17B0018E119 /* Here */ = {
			isa = PBXGroup;
			children = (
				4725BD771AD3DA1E001CED74 /* Controllers */,
				4725BD751AD3D4C3001CED74 /* Constants.swift */,
				47A556EC1AD3B17B0018E119 /* AppDelegate.swift */,
				47A556F31AD3B17B0018E119 /* Main.storyboard */,
				47A556F61AD3B17B0018E119 /* Images.xcassets */,
				47A556F81AD3B17B0018E119 /* LaunchScreen.xib */,
				47A556EE1AD3B17B0018E119 /* Here.xcdatamodeld */,
				47A556EA1AD3B17B0018E119 /* Supporting Files */,
				4725BD781AD4C75C001CED74 /* MyAnnotation.swift */,
				4725BD7E1AD4F496001CED74 /* LocationUtils.swift */,
			);
			path = Here;
			sourceTree = "<group>";
		};
		47A556EA1AD3B17B0018E119 /* Supporting Files */ = {
			isa = PBXGroup;
			children = (
				4725BD7C1AD4D875001CED74 /* trash-25.png */,
				4725BD7A1AD4D800001CED74 /* drafting_compass-25.png */,
				4725BD6F1AD3CE0B001CED74 /* settings-25.png */,
				47A556EB1AD3B17B0018E119 /* Info.plist */,
			);
			name = "Supporting Files";
			sourceTree = "<group>";
		};
		47A557021AD3B17B0018E119 /* HereTests */ = {
			isa = PBXGroup;
			children = (
				47A557051AD3B17B0018E119 /* HereTests.swift */,
				47A557031AD3B17B0018E119 /* Supporting Files */,
			);
			path = HereTests;
			sourceTree = "<group>";
		};
		47A557031AD3B17B0018E119 /* Supporting Files */ = {
			isa = PBXGroup;
			children = (
				47A557041AD3B17B0018E119 /* Info.plist */,
			);
			name = "Supporting Files";
			sourceTree = "<group>";
		};
/* End PBXGroup section */

/* Begin PBXNativeTarget section */
		476904001ADF80A900A479AE /* I am here */ = {
			isa = PBXNativeTarget;
			buildConfigurationList = 4769040F1ADF80AA00A479AE /* Build configuration list for PBXNativeTarget "I am here" */;
			buildPhases = (
				476903FD1ADF80A900A479AE /* Sources */,
				476903FE1ADF80A900A479AE /* Frameworks */,
				476903FF1ADF80A900A479AE /* Resources */,
			);
			buildRules = (
			);
			dependencies = (
			);
			name = "I am here";
			productName = "I am here";
			productReference = 476904011ADF80A900A479AE /* I am here.appex */;
			productType = "com.apple.product-type.app-extension";
		};
		47A556E61AD3B17B0018E119 /* Here */ = {
			isa = PBXNativeTarget;
			buildConfigurationList = 47A557091AD3B17B0018E119 /* Build configuration list for PBXNativeTarget "Here" */;
			buildPhases = (
				47A556E31AD3B17B0018E119 /* Sources */,
				47A556E41AD3B17B0018E119 /* Frameworks */,
				47A556E51AD3B17B0018E119 /* Resources */,
				476904121ADF80AA00A479AE /* Embed App Extensions */,
			);
			buildRules = (
			);
			dependencies = (
				4769040D1ADF80AA00A479AE /* PBXTargetDependency */,
			);
			name = Here;
			productName = Here;
			productReference = 47A556E71AD3B17B0018E119 /* Here.app */;
			productType = "com.apple.product-type.application";
		};
		47A556FE1AD3B17B0018E119 /* HereTests */ = {
			isa = PBXNativeTarget;
			buildConfigurationList = 47A5570C1AD3B17B0018E119 /* Build configuration list for PBXNativeTarget "HereTests" */;
			buildPhases = (
				47A556FB1AD3B17B0018E119 /* Sources */,
				47A556FC1AD3B17B0018E119 /* Frameworks */,
				47A556FD1AD3B17B0018E119 /* Resources */,
			);
			buildRules = (
			);
			dependencies = (
				47A557011AD3B17B0018E119 /* PBXTargetDependency */,
			);
			name = HereTests;
			productName = HereTests;
			productReference = 47A556FF1AD3B17B0018E119 /* HereTests.xctest */;
			productType = "com.apple.product-type.bundle.unit-test";
		};
/* End PBXNativeTarget section */

/* Begin PBXProject section */
		47A556DF1AD3B17B0018E119 /* Project object */ = {
			isa = PBXProject;
			attributes = {
				LastUpgradeCheck = 0610;
				ORGANIZATIONNAME = "鐘紀偉";
				TargetAttributes = {
					476904001ADF80A900A479AE = {
						CreatedOnToolsVersion = 6.3;
					};
					47A556E61AD3B17B0018E119 = {
						CreatedOnToolsVersion = 6.1.1;
					};
					47A556FE1AD3B17B0018E119 = {
						CreatedOnToolsVersion = 6.1.1;
						TestTargetID = 47A556E61AD3B17B0018E119;
					};
				};
			};
			buildConfigurationList = 47A556E21AD3B17B0018E119 /* Build configuration list for PBXProject "Here" */;
			compatibilityVersion = "Xcode 3.2";
			developmentRegion = English;
			hasScannedForEncodings = 0;
			knownRegions = (
				en,
				Base,
			);
			mainGroup = 47A556DE1AD3B17B0018E119;
			productRefGroup = 47A556E81AD3B17B0018E119 /* Products */;
			projectDirPath = "";
			projectRoot = "";
			targets = (
				47A556E61AD3B17B0018E119 /* Here */,
				47A556FE1AD3B17B0018E119 /* HereTests */,
				476904001ADF80A900A479AE /* I am here */,
			);
		};
/* End PBXProject section */

/* Begin PBXResourcesBuildPhase section */
		476903FF1ADF80A900A479AE /* Resources */ = {
			isa = PBXResourcesBuildPhase;
			buildActionMask = 2147483647;
			files = (
				4769040B1ADF80AA00A479AE /* MainInterface.storyboard in Resources */,
			);
			runOnlyForDeploymentPostprocessing = 0;
		};
		47A556E51AD3B17B0018E119 /* Resources */ = {
			isa = PBXResourcesBuildPhase;
			buildActionMask = 2147483647;
			files = (
				47A556F51AD3B17B0018E119 /* Main.storyboard in Resources */,
				47A556FA1AD3B17B0018E119 /* LaunchScreen.xib in Resources */,
				47A556F71AD3B17B0018E119 /* Images.xcassets in Resources */,
				4725BD701AD3CE0B001CED74 /* settings-25.png in Resources */,
				4725BD7B1AD4D800001CED74 /* drafting_compass-25.png in Resources */,
				4725BD7D1AD4D875001CED74 /* trash-25.png in Resources */,
			);
			runOnlyForDeploymentPostprocessing = 0;
		};
		47A556FD1AD3B17B0018E119 /* Resources */ = {
			isa = PBXResourcesBuildPhase;
			buildActionMask = 2147483647;
			files = (
			);
			runOnlyForDeploymentPostprocessing = 0;
		};
/* End PBXResourcesBuildPhase section */

/* Begin PBXSourcesBuildPhase section */
		476903FD1ADF80A900A479AE /* Sources */ = {
			isa = PBXSourcesBuildPhase;
			buildActionMask = 2147483647;
			files = (
				473E515D1ADF99EC006109C8 /* LocationUtils.swift in Sources */,
				476904091ADF80AA00A479AE /* TodayViewController.swift in Sources */,
			);
			runOnlyForDeploymentPostprocessing = 0;
		};
		47A556E31AD3B17B0018E119 /* Sources */ = {
			isa = PBXSourcesBuildPhase;
			buildActionMask = 2147483647;
			files = (
				4725BD7F1AD4F496001CED74 /* LocationUtils.swift in Sources */,
				4725BD791AD4C75D001CED74 /* MyAnnotation.swift in Sources */,
				4725BD721AD3D00C001CED74 /* SettingViewController.swift in Sources */,
				47A556F21AD3B17B0018E119 /* ViewController.swift in Sources */,
				47A556ED1AD3B17B0018E119 /* AppDelegate.swift in Sources */,
				4725BD761AD3D4C3001CED74 /* Constants.swift in Sources */,
				47A557101AD3B1930018E119 /* RootViewController.swift in Sources */,
				47A556F01AD3B17B0018E119 /* Here.xcdatamodeld in Sources */,
			);
			runOnlyForDeploymentPostprocessing = 0;
		};
		47A556FB1AD3B17B0018E119 /* Sources */ = {
			isa = PBXSourcesBuildPhase;
			buildActionMask = 2147483647;
			files = (
				47A557061AD3B17B0018E119 /* HereTests.swift in Sources */,
			);
			runOnlyForDeploymentPostprocessing = 0;
		};
/* End PBXSourcesBuildPhase section */

/* Begin PBXTargetDependency section */
		4769040D1ADF80AA00A479AE /* PBXTargetDependency */ = {
			isa = PBXTargetDependency;
			target = 476904001ADF80A900A479AE /* I am here */;
			targetProxy = 4769040C1ADF80AA00A479AE /* PBXContainerItemProxy */;
		};
		47A557011AD3B17B0018E119 /* PBXTargetDependency */ = {
			isa = PBXTargetDependency;
			target = 47A556E61AD3B17B0018E119 /* Here */;
			targetProxy = 47A557001AD3B17B0018E119 /* PBXContainerItemProxy */;
		};
/* End PBXTargetDependency section */

/* Begin PBXVariantGroup section */
		47A556F31AD3B17B0018E119 /* Main.storyboard */ = {
			isa = PBXVariantGroup;
			children = (
				47A556F41AD3B17B0018E119 /* Base */,
			);
			name = Main.storyboard;
			sourceTree = "<group>";
		};
		47A556F81AD3B17B0018E119 /* LaunchScreen.xib */ = {
			isa = PBXVariantGroup;
			children = (
				47A556F91AD3B17B0018E119 /* Base */,
			);
			name = LaunchScreen.xib;
			sourceTree = "<group>";
		};
/* End PBXVariantGroup section */

/* Begin XCBuildConfiguration section */
		476904101ADF80AA00A479AE /* Debug */ = {
			isa = XCBuildConfiguration;
			buildSettings = {
				DEBUG_INFORMATION_FORMAT = "dwarf-with-dsym";
				GCC_NO_COMMON_BLOCKS = YES;
				GCC_PREPROCESSOR_DEFINITIONS = (
					"DEBUG=1",
					"$(inherited)",
				);
				INFOPLIST_FILE = "I am here/Info.plist";
				IPHONEOS_DEPLOYMENT_TARGET = 8.3;
				LD_RUNPATH_SEARCH_PATHS = "$(inherited) @executable_path/Frameworks @executable_path/../../Frameworks";
				PRODUCT_NAME = "$(TARGET_NAME)";
				SKIP_INSTALL = YES;
			};
			name = Debug;
		};
		476904111ADF80AA00A479AE /* Release */ = {
			isa = XCBuildConfiguration;
			buildSettings = {
				COPY_PHASE_STRIP = NO;
				DEBUG_INFORMATION_FORMAT = "dwarf-with-dsym";
				GCC_NO_COMMON_BLOCKS = YES;
				INFOPLIST_FILE = "I am here/Info.plist";
				IPHONEOS_DEPLOYMENT_TARGET = 8.3;
				LD_RUNPATH_SEARCH_PATHS = "$(inherited) @executable_path/Frameworks @executable_path/../../Frameworks";
				PRODUCT_NAME = "$(TARGET_NAME)";
				SKIP_INSTALL = YES;
			};
			name = Release;
		};
		47A557071AD3B17B0018E119 /* Debug */ = {
			isa = XCBuildConfiguration;
			buildSettings = {
				ALWAYS_SEARCH_USER_PATHS = NO;
				CLANG_CXX_LANGUAGE_STANDARD = "gnu++0x";
				CLANG_CXX_LIBRARY = "libc++";
				CLANG_ENABLE_MODULES = YES;
				CLANG_ENABLE_OBJC_ARC = YES;
				CLANG_WARN_BOOL_CONVERSION = YES;
				CLANG_WARN_CONSTANT_CONVERSION = YES;
				CLANG_WARN_DIRECT_OBJC_ISA_USAGE = YES_ERROR;
				CLANG_WARN_EMPTY_BODY = YES;
				CLANG_WARN_ENUM_CONVERSION = YES;
				CLANG_WARN_INT_CONVERSION = YES;
				CLANG_WARN_OBJC_ROOT_CLASS = YES_ERROR;
				CLANG_WARN_UNREACHABLE_CODE = YES;
				CLANG_WARN__DUPLICATE_METHOD_MATCH = YES;
				"CODE_SIGN_IDENTITY[sdk=iphoneos*]" = "iPhone Developer";
				COPY_PHASE_STRIP = NO;
				ENABLE_STRICT_OBJC_MSGSEND = YES;
				GCC_C_LANGUAGE_STANDARD = gnu99;
				GCC_DYNAMIC_NO_PIC = NO;
				GCC_OPTIMIZATION_LEVEL = 0;
				GCC_PREPROCESSOR_DEFINITIONS = (
					"DEBUG=1",
					"$(inherited)",
				);
				GCC_SYMBOLS_PRIVATE_EXTERN = NO;
				GCC_WARN_64_TO_32_BIT_CONVERSION = YES;
				GCC_WARN_ABOUT_RETURN_TYPE = YES_ERROR;
				GCC_WARN_UNDECLARED_SELECTOR = YES;
				GCC_WARN_UNINITIALIZED_AUTOS = YES_AGGRESSIVE;
				GCC_WARN_UNUSED_FUNCTION = YES;
				GCC_WARN_UNUSED_VARIABLE = YES;
				IPHONEOS_DEPLOYMENT_TARGET = 8.1;
				MTL_ENABLE_DEBUG_INFO = YES;
				ONLY_ACTIVE_ARCH = YES;
				SDKROOT = iphoneos;
				SWIFT_OPTIMIZATION_LEVEL = "-Onone";
				TARGETED_DEVICE_FAMILY = "1,2";
			};
			name = Debug;
		};
		47A557081AD3B17B0018E119 /* Release */ = {
			isa = XCBuildConfiguration;
			buildSettings = {
				ALWAYS_SEARCH_USER_PATHS = NO;
				CLANG_CXX_LANGUAGE_STANDARD = "gnu++0x";
				CLANG_CXX_LIBRARY = "libc++";
				CLANG_ENABLE_MODULES = YES;
				CLANG_ENABLE_OBJC_ARC = YES;
				CLANG_WARN_BOOL_CONVERSION = YES;
				CLANG_WARN_CONSTANT_CONVERSION = YES;
				CLANG_WARN_DIRECT_OBJC_ISA_USAGE = YES_ERROR;
				CLANG_WARN_EMPTY_BODY = YES;
				CLANG_WARN_ENUM_CONVERSION = YES;
				CLANG_WARN_INT_CONVERSION = YES;
				CLANG_WARN_OBJC_ROOT_CLASS = YES_ERROR;
				CLANG_WARN_UNREACHABLE_CODE = YES;
				CLANG_WARN__DUPLICATE_METHOD_MATCH = YES;
				"CODE_SIGN_IDENTITY[sdk=iphoneos*]" = "iPhone Developer";
				COPY_PHASE_STRIP = YES;
				ENABLE_NS_ASSERTIONS = NO;
				ENABLE_STRICT_OBJC_MSGSEND = YES;
				GCC_C_LANGUAGE_STANDARD = gnu99;
				GCC_WARN_64_TO_32_BIT_CONVERSION = YES;
				GCC_WARN_ABOUT_RETURN_TYPE = YES_ERROR;
				GCC_WARN_UNDECLARED_SELECTOR = YES;
				GCC_WARN_UNINITIALIZED_AUTOS = YES_AGGRESSIVE;
				GCC_WARN_UNUSED_FUNCTION = YES;
				GCC_WARN_UNUSED_VARIABLE = YES;
				IPHONEOS_DEPLOYMENT_TARGET = 8.1;
				MTL_ENABLE_DEBUG_INFO = NO;
				SDKROOT = iphoneos;
				TARGETED_DEVICE_FAMILY = "1,2";
				VALIDATE_PRODUCT = YES;
			};
			name = Release;
		};
		47A5570A1AD3B17B0018E119 /* Debug */ = {
			isa = XCBuildConfiguration;
			buildSettings = {
				ASSETCATALOG_COMPILER_APPICON_NAME = AppIcon;
				INFOPLIST_FILE = Here/Info.plist;
				LD_RUNPATH_SEARCH_PATHS = "$(inherited) @executable_path/Frameworks";
				PRODUCT_NAME = "$(TARGET_NAME)";
			};
			name = Debug;
		};
		47A5570B1AD3B17B0018E119 /* Release */ = {
			isa = XCBuildConfiguration;
			buildSettings = {
				ASSETCATALOG_COMPILER_APPICON_NAME = AppIcon;
				INFOPLIST_FILE = Here/Info.plist;
				LD_RUNPATH_SEARCH_PATHS = "$(inherited) @executable_path/Frameworks";
				PRODUCT_NAME = "$(TARGET_NAME)";
			};
			name = Release;
		};
		47A5570D1AD3B17B0018E119 /* Debug */ = {
			isa = XCBuildConfiguration;
			buildSettings = {
				BUNDLE_LOADER = "$(TEST_HOST)";
				FRAMEWORK_SEARCH_PATHS = (
					"$(SDKROOT)/Developer/Library/Frameworks",
					"$(inherited)",
				);
				GCC_PREPROCESSOR_DEFINITIONS = (
					"DEBUG=1",
					"$(inherited)",
				);
				INFOPLIST_FILE = HereTests/Info.plist;
				LD_RUNPATH_SEARCH_PATHS = "$(inherited) @executable_path/Frameworks @loader_path/Frameworks";
				PRODUCT_NAME = "$(TARGET_NAME)";
				TEST_HOST = "$(BUILT_PRODUCTS_DIR)/Here.app/Here";
			};
			name = Debug;
		};
		47A5570E1AD3B17B0018E119 /* Release */ = {
			isa = XCBuildConfiguration;
			buildSettings = {
				BUNDLE_LOADER = "$(TEST_HOST)";
				FRAMEWORK_SEARCH_PATHS = (
					"$(SDKROOT)/Developer/Library/Frameworks",
					"$(inherited)",
				);
				INFOPLIST_FILE = HereTests/Info.plist;
				LD_RUNPATH_SEARCH_PATHS = "$(inherited) @executable_path/Frameworks @loader_path/Frameworks";
				PRODUCT_NAME = "$(TARGET_NAME)";
				TEST_HOST = "$(BUILT_PRODUCTS_DIR)/Here.app/Here";
			};
			name = Release;
		};
/* End XCBuildConfiguration section */

/* Begin XCConfigurationList section */
		4769040F1ADF80AA00A479AE /* Build configuration list for PBXNativeTarget "I am here" */ = {
			isa = XCConfigurationList;
			buildConfigurations = (
				476904101ADF80AA00A479AE /* Debug */,
				476904111ADF80AA00A479AE /* Release */,
			);
			defaultConfigurationIsVisible = 0;
			defaultConfigurationName = Release;
		};
		47A556E21AD3B17B0018E119 /* Build configuration list for PBXProject "Here" */ = {
			isa = XCConfigurationList;
			buildConfigurations = (
				47A557071AD3B17B0018E119 /* Debug */,
				47A557081AD3B17B0018E119 /* Release */,
			);
			defaultConfigurationIsVisible = 0;
			defaultConfigurationName = Release;
		};
		47A557091AD3B17B0018E119 /* Build configuration list for PBXNativeTarget "Here" */ = {
			isa = XCConfigurationList;
			buildConfigurations = (
				47A5570A1AD3B17B0018E119 /* Debug */,
				47A5570B1AD3B17B0018E119 /* Release */,
			);
			defaultConfigurationIsVisible = 0;
			defaultConfigurationName = Release;
		};
		47A5570C1AD3B17B0018E119 /* Build configuration list for PBXNativeTarget "HereTests" */ = {
			isa = XCConfigurationList;
			buildConfigurations = (
				47A5570D1AD3B17B0018E119 /* Debug */,
				47A5570E1AD3B17B0018E119 /* Release */,
			);
			defaultConfigurationIsVisible = 0;
			defaultConfigurationName = Release;
		};
/* End XCConfigurationList section */

/* Begin XCVersionGroup section */
		47A556EE1AD3B17B0018E119 /* Here.xcdatamodeld */ = {
			isa = XCVersionGroup;
			children = (
				47A556EF1AD3B17B0018E119 /* Here.xcdatamodel */,
			);
			currentVersion = 47A556EF1AD3B17B0018E119 /* Here.xcdatamodel */;
			path = Here.xcdatamodeld;
			sourceTree = "<group>";
			versionGroupType = wrapper.xcdatamodel;
		};
/* End XCVersionGroup section */
	};
	rootObject = 47A556DF1AD3B17B0018E119 /* Project object */;
}
