// !$*UTF8*$!
{
	archiveVersion = 1;
	classes = {
	};
	objectVersion = 46;
	objects = {

/* Begin PBXBuildFile section */
		476FAD831AE77B00001AC14F /* AppDelegate.swift in Sources */ = {isa = PBXBuildFile; fileRef = 476FAD821AE77B00001AC14F /* AppDelegate.swift */; };
		476FAD851AE77B00001AC14F /* ViewController.swift in Sources */ = {isa = PBXBuildFile; fileRef = 476FAD841AE77B00001AC14F /* ViewController.swift */; };
		476FAD881AE77B00001AC14F /* Main.storyboard in Resources */ = {isa = PBXBuildFile; fileRef = 476FAD861AE77B00001AC14F /* Main.storyboard */; };
		476FAD8A1AE77B00001AC14F /* Images.xcassets in Resources */ = {isa = PBXBuildFile; fileRef = 476FAD891AE77B00001AC14F /* Images.xcassets */; };
		476FAD8D1AE77B00001AC14F /* LaunchScreen.xib in Resources */ = {isa = PBXBuildFile; fileRef = 476FAD8B1AE77B00001AC14F /* LaunchScreen.xib */; };
		476FAD991AE77B00001AC14F /* DeviceTests.swift in Sources */ = {isa = PBXBuildFile; fileRef = 476FAD981AE77B00001AC14F /* DeviceTests.swift */; };
/* End PBXBuildFile section */

/* Begin PBXContainerItemProxy section */
		476FAD931AE77B00001AC14F /* PBXContainerItemProxy */ = {
			isa = PBXContainerItemProxy;
			containerPortal = 476FAD751AE77B00001AC14F /* Project object */;
			proxyType = 1;
			remoteGlobalIDString = 476FAD7C1AE77B00001AC14F;
			remoteInfo = Device;
		};
/* End PBXContainerItemProxy section */

/* Begin PBXFileReference section */
		476FAD7D1AE77B00001AC14F /* Device.app */ = {isa = PBXFileReference; explicitFileType = wrapper.application; includeInIndex = 0; path = Device.app; sourceTree = BUILT_PRODUCTS_DIR; };
		476FAD811AE77B00001AC14F /* Info.plist */ = {isa = PBXFileReference; lastKnownFileType = text.plist.xml; path = Info.plist; sourceTree = "<group>"; };
		476FAD821AE77B00001AC14F /* AppDelegate.swift */ = {isa = PBXFileReference; lastKnownFileType = sourcecode.swift; path = AppDelegate.swift; sourceTree = "<group>"; };
		476FAD841AE77B00001AC14F /* ViewController.swift */ = {isa = PBXFileReference; lastKnownFileType = sourcecode.swift; path = ViewController.swift; sourceTree = "<group>"; };
		476FAD871AE77B00001AC14F /* Base */ = {isa = PBXFileReference; lastKnownFileType = file.storyboard; name = Base; path = Base.lproj/Main.storyboard; sourceTree = "<group>"; };
		476FAD891AE77B00001AC14F /* Images.xcassets */ = {isa = PBXFileReference; lastKnownFileType = folder.assetcatalog; path = Images.xcassets; sourceTree = "<group>"; };
		476FAD8C1AE77B00001AC14F /* Base */ = {isa = PBXFileReference; lastKnownFileType = file.xib; name = Base; path = Base.lproj/LaunchScreen.xib; sourceTree = "<group>"; };
		476FAD921AE77B00001AC14F /* DeviceTests.xctest */ = {isa = PBXFileReference; explicitFileType = wrapper.cfbundle; includeInIndex = 0; path = DeviceTests.xctest; sourceTree = BUILT_PRODUCTS_DIR; };
		476FAD971AE77B00001AC14F /* Info.plist */ = {isa = PBXFileReference; lastKnownFileType = text.plist.xml; path = Info.plist; sourceTree = "<group>"; };
		476FAD981AE77B00001AC14F /* DeviceTests.swift */ = {isa = PBXFileReference; lastKnownFileType = sourcecode.swift; path = DeviceTests.swift; sourceTree = "<group>"; };
/* End PBXFileReference section */

/* Begin PBXFrameworksBuildPhase section */
		476FAD7A1AE77B00001AC14F /* Frameworks */ = {
			isa = PBXFrameworksBuildPhase;
			buildActionMask = 2147483647;
			files = (
			);
			runOnlyForDeploymentPostprocessing = 0;
		};
		476FAD8F1AE77B00001AC14F /* Frameworks */ = {
			isa = PBXFrameworksBuildPhase;
			buildActionMask = 2147483647;
			files = (
			);
			runOnlyForDeploymentPostprocessing = 0;
		};
/* End PBXFrameworksBuildPhase section */

/* Begin PBXGroup section */
		476FAD741AE77B00001AC14F = {
			isa = PBXGroup;
			children = (
				476FAD7F1AE77B00001AC14F /* Device */,
				476FAD951AE77B00001AC14F /* DeviceTests */,
				476FAD7E1AE77B00001AC14F /* Products */,
			);
			sourceTree = "<group>";
		};
		476FAD7E1AE77B00001AC14F /* Products */ = {
			isa = PBXGroup;
			children = (
				476FAD7D1AE77B00001AC14F /* Device.app */,
				476FAD921AE77B00001AC14F /* DeviceTests.xctest */,
			);
			name = Products;
			sourceTree = "<group>";
		};
		476FAD7F1AE77B00001AC14F /* Device */ = {
			isa = PBXGroup;
			children = (
				476FAD821AE77B00001AC14F /* AppDelegate.swift */,
				476FAD841AE77B00001AC14F /* ViewController.swift */,
				476FAD861AE77B00001AC14F /* Main.storyboard */,
				476FAD891AE77B00001AC14F /* Images.xcassets */,
				476FAD8B1AE77B00001AC14F /* LaunchScreen.xib */,
				476FAD801AE77B00001AC14F /* Supporting Files */,
			);
			path = Device;
			sourceTree = "<group>";
		};
		476FAD801AE77B00001AC14F /* Supporting Files */ = {
			isa = PBXGroup;
			children = (
				476FAD811AE77B00001AC14F /* Info.plist */,
			);
			name = "Supporting Files";
			sourceTree = "<group>";
		};
		476FAD951AE77B00001AC14F /* DeviceTests */ = {
			isa = PBXGroup;
			children = (
				476FAD981AE77B00001AC14F /* DeviceTests.swift */,
				476FAD961AE77B00001AC14F /* Supporting Files */,
			);
			path = DeviceTests;
			sourceTree = "<group>";
		};
		476FAD961AE77B00001AC14F /* Supporting Files */ = {
			isa = PBXGroup;
			children = (
				476FAD971AE77B00001AC14F /* Info.plist */,
			);
			name = "Supporting Files";
			sourceTree = "<group>";
		};
/* End PBXGroup section */

/* Begin PBXNativeTarget section */
		476FAD7C1AE77B00001AC14F /* Device */ = {
			isa = PBXNativeTarget;
			buildConfigurationList = 476FAD9C1AE77B00001AC14F /* Build configuration list for PBXNativeTarget "Device" */;
			buildPhases = (
				476FAD791AE77B00001AC14F /* Sources */,
				476FAD7A1AE77B00001AC14F /* Frameworks */,
				476FAD7B1AE77B00001AC14F /* Resources */,
			);
			buildRules = (
			);
			dependencies = (
			);
			name = Device;
			productName = Device;
			productReference = 476FAD7D1AE77B00001AC14F /* Device.app */;
			productType = "com.apple.product-type.application";
		};
		476FAD911AE77B00001AC14F /* DeviceTests */ = {
			isa = PBXNativeTarget;
			buildConfigurationList = 476FAD9F1AE77B00001AC14F /* Build configuration list for PBXNativeTarget "DeviceTests" */;
			buildPhases = (
				476FAD8E1AE77B00001AC14F /* Sources */,
				476FAD8F1AE77B00001AC14F /* Frameworks */,
				476FAD901AE77B00001AC14F /* Resources */,
			);
			buildRules = (
			);
			dependencies = (
				476FAD941AE77B00001AC14F /* PBXTargetDependency */,
			);
			name = DeviceTests;
			productName = DeviceTests;
			productReference = 476FAD921AE77B00001AC14F /* DeviceTests.xctest */;
			productType = "com.apple.product-type.bundle.unit-test";
		};
/* End PBXNativeTarget section */

/* Begin PBXProject section */
		476FAD751AE77B00001AC14F /* Project object */ = {
			isa = PBXProject;
			attributes = {
				LastUpgradeCheck = 0620;
				ORGANIZATIONNAME = "鐘紀偉";
				TargetAttributes = {
					476FAD7C1AE77B00001AC14F = {
						CreatedOnToolsVersion = 6.2;
					};
					476FAD911AE77B00001AC14F = {
						CreatedOnToolsVersion = 6.2;
						TestTargetID = 476FAD7C1AE77B00001AC14F;
					};
				};
			};
			buildConfigurationList = 476FAD781AE77B00001AC14F /* Build configuration list for PBXProject "Device" */;
			compatibilityVersion = "Xcode 3.2";
			developmentRegion = English;
			hasScannedForEncodings = 0;
			knownRegions = (
				en,
				Base,
			);
			mainGroup = 476FAD741AE77B00001AC14F;
			productRefGroup = 476FAD7E1AE77B00001AC14F /* Products */;
			projectDirPath = "";
			projectRoot = "";
			targets = (
				476FAD7C1AE77B00001AC14F /* Device */,
				476FAD911AE77B00001AC14F /* DeviceTests */,
			);
		};
/* End PBXProject section */

/* Begin PBXResourcesBuildPhase section */
		476FAD7B1AE77B00001AC14F /* Resources */ = {
			isa = PBXResourcesBuildPhase;
			buildActionMask = 2147483647;
			files = (
				476FAD881AE77B00001AC14F /* Main.storyboard in Resources */,
				476FAD8D1AE77B00001AC14F /* LaunchScreen.xib in Resources */,
				476FAD8A1AE77B00001AC14F /* Images.xcassets in Resources */,
			);
			runOnlyForDeploymentPostprocessing = 0;
		};
		476FAD901AE77B00001AC14F /* Resources */ = {
			isa = PBXResourcesBuildPhase;
			buildActionMask = 2147483647;
			files = (
			);
			runOnlyForDeploymentPostprocessing = 0;
		};
/* End PBXResourcesBuildPhase section */

/* Begin PBXSourcesBuildPhase section */
		476FAD791AE77B00001AC14F /* Sources */ = {
			isa = PBXSourcesBuildPhase;
			buildActionMask = 2147483647;
			files = (
				476FAD851AE77B00001AC14F /* ViewController.swift in Sources */,
				476FAD831AE77B00001AC14F /* AppDelegate.swift in Sources */,
			);
			runOnlyForDeploymentPostprocessing = 0;
		};
		476FAD8E1AE77B00001AC14F /* Sources */ = {
			isa = PBXSourcesBuildPhase;
			buildActionMask = 2147483647;
			files = (
				476FAD991AE77B00001AC14F /* DeviceTests.swift in Sources */,
			);
			runOnlyForDeploymentPostprocessing = 0;
		};
/* End PBXSourcesBuildPhase section */

/* Begin PBXTargetDependency section */
		476FAD941AE77B00001AC14F /* PBXTargetDependency */ = {
			isa = PBXTargetDependency;
			target = 476FAD7C1AE77B00001AC14F /* Device */;
			targetProxy = 476FAD931AE77B00001AC14F /* PBXContainerItemProxy */;
		};
/* End PBXTargetDependency section */

/* Begin PBXVariantGroup section */
		476FAD861AE77B00001AC14F /* Main.storyboard */ = {
			isa = PBXVariantGroup;
			children = (
				476FAD871AE77B00001AC14F /* Base */,
			);
			name = Main.storyboard;
			sourceTree = "<group>";
		};
		476FAD8B1AE77B00001AC14F /* LaunchScreen.xib */ = {
			isa = PBXVariantGroup;
			children = (
				476FAD8C1AE77B00001AC14F /* Base */,
			);
			name = LaunchScreen.xib;
			sourceTree = "<group>";
		};
/* End PBXVariantGroup section */

/* Begin XCBuildConfiguration section */
		476FAD9A1AE77B00001AC14F /* Debug */ = {
			isa = XCBuildConfiguration;
			buildSettings = {
				ALWAYS_SEARCH_USER_PATHS = NO;
				CLANG_CXX_LANGUAGE_STANDARD = "gnu++0x";
				CLANG_CXX_LIBRARY = "libc++";
				CLANG_ENABLE_MODULES = YES;
				CLANG_ENABLE_OBJC_ARC = YES;
				CLANG_WARN_BOOL_CONVERSION = YES;
				CLANG_WARN_CONSTANT_CONVERSION = YES;
				CLANG_WARN_DIRECT_OBJC_ISA_USAGE = YES_ERROR;
				CLANG_WARN_EMPTY_BODY = YES;
				CLANG_WARN_ENUM_CONVERSION = YES;
				CLANG_WARN_INT_CONVERSION = YES;
				CLANG_WARN_OBJC_ROOT_CLASS = YES_ERROR;
				CLANG_WARN_UNREACHABLE_CODE = YES;
				CLANG_WARN__DUPLICATE_METHOD_MATCH = YES;
				"CODE_SIGN_IDENTITY[sdk=iphoneos*]" = "iPhone Developer";
				COPY_PHASE_STRIP = NO;
				ENABLE_STRICT_OBJC_MSGSEND = YES;
				GCC_C_LANGUAGE_STANDARD = gnu99;
				GCC_DYNAMIC_NO_PIC = NO;
				GCC_OPTIMIZATION_LEVEL = 0;
				GCC_PREPROCESSOR_DEFINITIONS = (
					"DEBUG=1",
					"$(inherited)",
				);
				GCC_SYMBOLS_PRIVATE_EXTERN = NO;
				GCC_WARN_64_TO_32_BIT_CONVERSION = YES;
				GCC_WARN_ABOUT_RETURN_TYPE = YES_ERROR;
				GCC_WARN_UNDECLARED_SELECTOR = YES;
				GCC_WARN_UNINITIALIZED_AUTOS = YES_AGGRESSIVE;
				GCC_WARN_UNUSED_FUNCTION = YES;
				GCC_WARN_UNUSED_VARIABLE = YES;
				IPHONEOS_DEPLOYMENT_TARGET = 8.2;
				MTL_ENABLE_DEBUG_INFO = YES;
				ONLY_ACTIVE_ARCH = YES;
				SDKROOT = iphoneos;
				SWIFT_OPTIMIZATION_LEVEL = "-Onone";
				TARGETED_DEVICE_FAMILY = "1,2";
			};
			name = Debug;
		};
		476FAD9B1AE77B00001AC14F /* Release */ = {
			isa = XCBuildConfiguration;
			buildSettings = {
				ALWAYS_SEARCH_USER_PATHS = NO;
				CLANG_CXX_LANGUAGE_STANDARD = "gnu++0x";
				CLANG_CXX_LIBRARY = "libc++";
				CLANG_ENABLE_MODULES = YES;
				CLANG_ENABLE_OBJC_ARC = YES;
				CLANG_WARN_BOOL_CONVERSION = YES;
				CLANG_WARN_CONSTANT_CONVERSION = YES;
				CLANG_WARN_DIRECT_OBJC_ISA_USAGE = YES_ERROR;
				CLANG_WARN_EMPTY_BODY = YES;
				CLANG_WARN_ENUM_CONVERSION = YES;
				CLANG_WARN_INT_CONVERSION = YES;
				CLANG_WARN_OBJC_ROOT_CLASS = YES_ERROR;
				CLANG_WARN_UNREACHABLE_CODE = YES;
				CLANG_WARN__DUPLICATE_METHOD_MATCH = YES;
				"CODE_SIGN_IDENTITY[sdk=iphoneos*]" = "iPhone Developer";
				COPY_PHASE_STRIP = NO;
				ENABLE_NS_ASSERTIONS = NO;
				ENABLE_STRICT_OBJC_MSGSEND = YES;
				GCC_C_LANGUAGE_STANDARD = gnu99;
				GCC_WARN_64_TO_32_BIT_CONVERSION = YES;
				GCC_WARN_ABOUT_RETURN_TYPE = YES_ERROR;
				GCC_WARN_UNDECLARED_SELECTOR = YES;
				GCC_WARN_UNINITIALIZED_AUTOS = YES_AGGRESSIVE;
				GCC_WARN_UNUSED_FUNCTION = YES;
				GCC_WARN_UNUSED_VARIABLE = YES;
				IPHONEOS_DEPLOYMENT_TARGET = 8.2;
				MTL_ENABLE_DEBUG_INFO = NO;
				SDKROOT = iphoneos;
				TARGETED_DEVICE_FAMILY = "1,2";
				VALIDATE_PRODUCT = YES;
			};
			name = Release;
		};
		476FAD9D1AE77B00001AC14F /* Debug */ = {
			isa = XCBuildConfiguration;
			buildSettings = {
				ASSETCATALOG_COMPILER_APPICON_NAME = AppIcon;
				INFOPLIST_FILE = Device/Info.plist;
				LD_RUNPATH_SEARCH_PATHS = "$(inherited) @executable_path/Frameworks";
				PRODUCT_NAME = "$(TARGET_NAME)";
			};
			name = Debug;
		};
		476FAD9E1AE77B00001AC14F /* Release */ = {
			isa = XCBuildConfiguration;
			buildSettings = {
				ASSETCATALOG_COMPILER_APPICON_NAME = AppIcon;
				INFOPLIST_FILE = Device/Info.plist;
				LD_RUNPATH_SEARCH_PATHS = "$(inherited) @executable_path/Frameworks";
				PRODUCT_NAME = "$(TARGET_NAME)";
			};
			name = Release;
		};
		476FADA01AE77B00001AC14F /* Debug */ = {
			isa = XCBuildConfiguration;
			buildSettings = {
				BUNDLE_LOADER = "$(TEST_HOST)";
				FRAMEWORK_SEARCH_PATHS = (
					"$(SDKROOT)/Developer/Library/Frameworks",
					"$(inherited)",
				);
				GCC_PREPROCESSOR_DEFINITIONS = (
					"DEBUG=1",
					"$(inherited)",
				);
				INFOPLIST_FILE = DeviceTests/Info.plist;
				LD_RUNPATH_SEARCH_PATHS = "$(inherited) @executable_path/Frameworks @loader_path/Frameworks";
				PRODUCT_NAME = "$(TARGET_NAME)";
				TEST_HOST = "$(BUILT_PRODUCTS_DIR)/Device.app/Device";
			};
			name = Debug;
		};
		476FADA11AE77B00001AC14F /* Release */ = {
			isa = XCBuildConfiguration;
			buildSettings = {
				BUNDLE_LOADER = "$(TEST_HOST)";
				FRAMEWORK_SEARCH_PATHS = (
					"$(SDKROOT)/Developer/Library/Frameworks",
					"$(inherited)",
				);
				INFOPLIST_FILE = DeviceTests/Info.plist;
				LD_RUNPATH_SEARCH_PATHS = "$(inherited) @executable_path/Frameworks @loader_path/Frameworks";
				PRODUCT_NAME = "$(TARGET_NAME)";
				TEST_HOST = "$(BUILT_PRODUCTS_DIR)/Device.app/Device";
			};
			name = Release;
		};
/* End XCBuildConfiguration section */

/* Begin XCConfigurationList section */
		476FAD781AE77B00001AC14F /* Build configuration list for PBXProject "Device" */ = {
			isa = XCConfigurationList;
			buildConfigurations = (
				476FAD9A1AE77B00001AC14F /* Debug */,
				476FAD9B1AE77B00001AC14F /* Release */,
			);
			defaultConfigurationIsVisible = 0;
			defaultConfigurationName = Release;
		};
		476FAD9C1AE77B00001AC14F /* Build configuration list for PBXNativeTarget "Device" */ = {
			isa = XCConfigurationList;
			buildConfigurations = (
				476FAD9D1AE77B00001AC14F /* Debug */,
				476FAD9E1AE77B00001AC14F /* Release */,
			);
			defaultConfigurationIsVisible = 0;
		};
		476FAD9F1AE77B00001AC14F /* Build configuration list for PBXNativeTarget "DeviceTests" */ = {
			isa = XCConfigurationList;
			buildConfigurations = (
				476FADA01AE77B00001AC14F /* Debug */,
				476FADA11AE77B00001AC14F /* Release */,
			);
			defaultConfigurationIsVisible = 0;
		};
/* End XCConfigurationList section */
	};
	rootObject = 476FAD751AE77B00001AC14F /* Project object */;
}
