// !$*UTF8*$!
{
	archiveVersion = 1;
	classes = {
	};
	objectVersion = 46;
	objects = {

/* Begin PBXBuildFile section */
		479D4DC41AA45C3D00316F74 /* UserModel.swift in Sources */ = {isa = PBXBuildFile; fileRef = 479D4DC31AA45C3D00316F74 /* UserModel.swift */; };
		47BB4DF91AA42A47007F4872 /* AppDelegate.swift in Sources */ = {isa = PBXBuildFile; fileRef = 47BB4DF81AA42A47007F4872 /* AppDelegate.swift */; };
		47BB4DFC1AA42A47007F4872 /* CoreDataSample.xcdatamodeld in Sources */ = {isa = PBXBuildFile; fileRef = 47BB4DFA1AA42A47007F4872 /* CoreDataSample.xcdatamodeld */; };
		47BB4DFE1AA42A47007F4872 /* ViewController.swift in Sources */ = {isa = PBXBuildFile; fileRef = 47BB4DFD1AA42A47007F4872 /* ViewController.swift */; };
		47BB4E011AA42A47007F4872 /* Main.storyboard in Resources */ = {isa = PBXBuildFile; fileRef = 47BB4DFF1AA42A47007F4872 /* Main.storyboard */; };
		47BB4E031AA42A47007F4872 /* Images.xcassets in Resources */ = {isa = PBXBuildFile; fileRef = 47BB4E021AA42A47007F4872 /* Images.xcassets */; };
		47BB4E061AA42A47007F4872 /* LaunchScreen.xib in Resources */ = {isa = PBXBuildFile; fileRef = 47BB4E041AA42A47007F4872 /* LaunchScreen.xib */; };
		47BB4E121AA42A47007F4872 /* CoreDataSampleTests.swift in Sources */ = {isa = PBXBuildFile; fileRef = 47BB4E111AA42A47007F4872 /* CoreDataSampleTests.swift */; };
		47BB4E1C1AA42AE6007F4872 /* MainViewController.swift in Sources */ = {isa = PBXBuildFile; fileRef = 47BB4E1B1AA42AE6007F4872 /* MainViewController.swift */; };
/* End PBXBuildFile section */

/* Begin PBXContainerItemProxy section */
		47BB4E0C1AA42A47007F4872 /* PBXContainerItemProxy */ = {
			isa = PBXContainerItemProxy;
			containerPortal = 47BB4DEB1AA42A46007F4872 /* Project object */;
			proxyType = 1;
			remoteGlobalIDString = 47BB4DF21AA42A46007F4872;
			remoteInfo = CoreDataSample;
		};
/* End PBXContainerItemProxy section */

/* Begin PBXFileReference section */
		479D4DC31AA45C3D00316F74 /* UserModel.swift */ = {isa = PBXFileReference; fileEncoding = 4; lastKnownFileType = sourcecode.swift; path = UserModel.swift; sourceTree = "<group>"; };
		47BB4DF31AA42A47007F4872 /* CoreDataSample.app */ = {isa = PBXFileReference; explicitFileType = wrapper.application; includeInIndex = 0; path = CoreDataSample.app; sourceTree = BUILT_PRODUCTS_DIR; };
		47BB4DF71AA42A47007F4872 /* Info.plist */ = {isa = PBXFileReference; lastKnownFileType = text.plist.xml; path = Info.plist; sourceTree = "<group>"; };
		47BB4DF81AA42A47007F4872 /* AppDelegate.swift */ = {isa = PBXFileReference; lastKnownFileType = sourcecode.swift; path = AppDelegate.swift; sourceTree = "<group>"; };
		47BB4DFB1AA42A47007F4872 /* CoreDataSample.xcdatamodel */ = {isa = PBXFileReference; lastKnownFileType = wrapper.xcdatamodel; path = CoreDataSample.xcdatamodel; sourceTree = "<group>"; };
		47BB4DFD1AA42A47007F4872 /* ViewController.swift */ = {isa = PBXFileReference; lastKnownFileType = sourcecode.swift; path = ViewController.swift; sourceTree = "<group>"; };
		47BB4E001AA42A47007F4872 /* Base */ = {isa = PBXFileReference; lastKnownFileType = file.storyboard; name = Base; path = Base.lproj/Main.storyboard; sourceTree = "<group>"; };
		47BB4E021AA42A47007F4872 /* Images.xcassets */ = {isa = PBXFileReference; lastKnownFileType = folder.assetcatalog; path = Images.xcassets; sourceTree = "<group>"; };
		47BB4E051AA42A47007F4872 /* Base */ = {isa = PBXFileReference; lastKnownFileType = file.xib; name = Base; path = Base.lproj/LaunchScreen.xib; sourceTree = "<group>"; };
		47BB4E0B1AA42A47007F4872 /* CoreDataSampleTests.xctest */ = {isa = PBXFileReference; explicitFileType = wrapper.cfbundle; includeInIndex = 0; path = CoreDataSampleTests.xctest; sourceTree = BUILT_PRODUCTS_DIR; };
		47BB4E101AA42A47007F4872 /* Info.plist */ = {isa = PBXFileReference; lastKnownFileType = text.plist.xml; path = Info.plist; sourceTree = "<group>"; };
		47BB4E111AA42A47007F4872 /* CoreDataSampleTests.swift */ = {isa = PBXFileReference; lastKnownFileType = sourcecode.swift; path = CoreDataSampleTests.swift; sourceTree = "<group>"; };
		47BB4E1B1AA42AE6007F4872 /* MainViewController.swift */ = {isa = PBXFileReference; fileEncoding = 4; lastKnownFileType = sourcecode.swift; path = MainViewController.swift; sourceTree = "<group>"; };
/* End PBXFileReference section */

/* Begin PBXFrameworksBuildPhase section */
		47BB4DF01AA42A46007F4872 /* Frameworks */ = {
			isa = PBXFrameworksBuildPhase;
			buildActionMask = 2147483647;
			files = (
			);
			runOnlyForDeploymentPostprocessing = 0;
		};
		47BB4E081AA42A47007F4872 /* Frameworks */ = {
			isa = PBXFrameworksBuildPhase;
			buildActionMask = 2147483647;
			files = (
			);
			runOnlyForDeploymentPostprocessing = 0;
		};
/* End PBXFrameworksBuildPhase section */

/* Begin PBXGroup section */
		47BB4DEA1AA42A46007F4872 = {
			isa = PBXGroup;
			children = (
				47BB4DF51AA42A47007F4872 /* CoreDataSample */,
				47BB4E0E1AA42A47007F4872 /* CoreDataSampleTests */,
				47BB4DF41AA42A47007F4872 /* Products */,
			);
			sourceTree = "<group>";
		};
		47BB4DF41AA42A47007F4872 /* Products */ = {
			isa = PBXGroup;
			children = (
				47BB4DF31AA42A47007F4872 /* CoreDataSample.app */,
				47BB4E0B1AA42A47007F4872 /* CoreDataSampleTests.xctest */,
			);
			name = Products;
			sourceTree = "<group>";
		};
		47BB4DF51AA42A47007F4872 /* CoreDataSample */ = {
			isa = PBXGroup;
			children = (
				47BB4DF81AA42A47007F4872 /* AppDelegate.swift */,
				47BB4DFD1AA42A47007F4872 /* ViewController.swift */,
				47BB4DFF1AA42A47007F4872 /* Main.storyboard */,
				47BB4E021AA42A47007F4872 /* Images.xcassets */,
				47BB4E041AA42A47007F4872 /* LaunchScreen.xib */,
				47BB4DFA1AA42A47007F4872 /* CoreDataSample.xcdatamodeld */,
				479D4DC31AA45C3D00316F74 /* UserModel.swift */,
				47BB4DF61AA42A47007F4872 /* Supporting Files */,
				47BB4E1B1AA42AE6007F4872 /* MainViewController.swift */,
			);
			path = CoreDataSample;
			sourceTree = "<group>";
		};
		47BB4DF61AA42A47007F4872 /* Supporting Files */ = {
			isa = PBXGroup;
			children = (
				47BB4DF71AA42A47007F4872 /* Info.plist */,
			);
			name = "Supporting Files";
			sourceTree = "<group>";
		};
		47BB4E0E1AA42A47007F4872 /* CoreDataSampleTests */ = {
			isa = PBXGroup;
			children = (
				47BB4E111AA42A47007F4872 /* CoreDataSampleTests.swift */,
				47BB4E0F1AA42A47007F4872 /* Supporting Files */,
			);
			path = CoreDataSampleTests;
			sourceTree = "<group>";
		};
		47BB4E0F1AA42A47007F4872 /* Supporting Files */ = {
			isa = PBXGroup;
			children = (
				47BB4E101AA42A47007F4872 /* Info.plist */,
			);
			name = "Supporting Files";
			sourceTree = "<group>";
		};
/* End PBXGroup section */

/* Begin PBXNativeTarget section */
		47BB4DF21AA42A46007F4872 /* CoreDataSample */ = {
			isa = PBXNativeTarget;
			buildConfigurationList = 47BB4E151AA42A47007F4872 /* Build configuration list for PBXNativeTarget "CoreDataSample" */;
			buildPhases = (
				47BB4DEF1AA42A46007F4872 /* Sources */,
				47BB4DF01AA42A46007F4872 /* Frameworks */,
				47BB4DF11AA42A46007F4872 /* Resources */,
			);
			buildRules = (
			);
			dependencies = (
			);
			name = CoreDataSample;
			productName = CoreDataSample;
			productReference = 47BB4DF31AA42A47007F4872 /* CoreDataSample.app */;
			productType = "com.apple.product-type.application";
		};
		47BB4E0A1AA42A47007F4872 /* CoreDataSampleTests */ = {
			isa = PBXNativeTarget;
			buildConfigurationList = 47BB4E181AA42A47007F4872 /* Build configuration list for PBXNativeTarget "CoreDataSampleTests" */;
			buildPhases = (
				47BB4E071AA42A47007F4872 /* Sources */,
				47BB4E081AA42A47007F4872 /* Frameworks */,
				47BB4E091AA42A47007F4872 /* Resources */,
			);
			buildRules = (
			);
			dependencies = (
				47BB4E0D1AA42A47007F4872 /* PBXTargetDependency */,
			);
			name = CoreDataSampleTests;
			productName = CoreDataSampleTests;
			productReference = 47BB4E0B1AA42A47007F4872 /* CoreDataSampleTests.xctest */;
			productType = "com.apple.product-type.bundle.unit-test";
		};
/* End PBXNativeTarget section */

/* Begin PBXProject section */
		47BB4DEB1AA42A46007F4872 /* Project object */ = {
			isa = PBXProject;
			attributes = {
				LastUpgradeCheck = 0610;
				ORGANIZATIONNAME = "鐘紀偉";
				TargetAttributes = {
					47BB4DF21AA42A46007F4872 = {
						CreatedOnToolsVersion = 6.1.1;
					};
					47BB4E0A1AA42A47007F4872 = {
						CreatedOnToolsVersion = 6.1.1;
						TestTargetID = 47BB4DF21AA42A46007F4872;
					};
				};
			};
			buildConfigurationList = 47BB4DEE1AA42A46007F4872 /* Build configuration list for PBXProject "CoreDataSample" */;
			compatibilityVersion = "Xcode 3.2";
			developmentRegion = English;
			hasScannedForEncodings = 0;
			knownRegions = (
				en,
				Base,
			);
			mainGroup = 47BB4DEA1AA42A46007F4872;
			productRefGroup = 47BB4DF41AA42A47007F4872 /* Products */;
			projectDirPath = "";
			projectRoot = "";
			targets = (
				47BB4DF21AA42A46007F4872 /* CoreDataSample */,
				47BB4E0A1AA42A47007F4872 /* CoreDataSampleTests */,
			);
		};
/* End PBXProject section */

/* Begin PBXResourcesBuildPhase section */
		47BB4DF11AA42A46007F4872 /* Resources */ = {
			isa = PBXResourcesBuildPhase;
			buildActionMask = 2147483647;
			files = (
				47BB4E011AA42A47007F4872 /* Main.storyboard in Resources */,
				47BB4E061AA42A47007F4872 /* LaunchScreen.xib in Resources */,
				47BB4E031AA42A47007F4872 /* Images.xcassets in Resources */,
			);
			runOnlyForDeploymentPostprocessing = 0;
		};
		47BB4E091AA42A47007F4872 /* Resources */ = {
			isa = PBXResourcesBuildPhase;
			buildActionMask = 2147483647;
			files = (
			);
			runOnlyForDeploymentPostprocessing = 0;
		};
/* End PBXResourcesBuildPhase section */

/* Begin PBXSourcesBuildPhase section */
		47BB4DEF1AA42A46007F4872 /* Sources */ = {
			isa = PBXSourcesBuildPhase;
			buildActionMask = 2147483647;
			files = (
				47BB4DFE1AA42A47007F4872 /* ViewController.swift in Sources */,
				47BB4DFC1AA42A47007F4872 /* CoreDataSample.xcdatamodeld in Sources */,
				47BB4DF91AA42A47007F4872 /* AppDelegate.swift in Sources */,
				479D4DC41AA45C3D00316F74 /* UserModel.swift in Sources */,
				47BB4E1C1AA42AE6007F4872 /* MainViewController.swift in Sources */,
			);
			runOnlyForDeploymentPostprocessing = 0;
		};
		47BB4E071AA42A47007F4872 /* Sources */ = {
			isa = PBXSourcesBuildPhase;
			buildActionMask = 2147483647;
			files = (
				47BB4E121AA42A47007F4872 /* CoreDataSampleTests.swift in Sources */,
			);
			runOnlyForDeploymentPostprocessing = 0;
		};
/* End PBXSourcesBuildPhase section */

/* Begin PBXTargetDependency section */
		47BB4E0D1AA42A47007F4872 /* PBXTargetDependency */ = {
			isa = PBXTargetDependency;
			target = 47BB4DF21AA42A46007F4872 /* CoreDataSample */;
			targetProxy = 47BB4E0C1AA42A47007F4872 /* PBXContainerItemProxy */;
		};
/* End PBXTargetDependency section */

/* Begin PBXVariantGroup section */
		47BB4DFF1AA42A47007F4872 /* Main.storyboard */ = {
			isa = PBXVariantGroup;
			children = (
				47BB4E001AA42A47007F4872 /* Base */,
			);
			name = Main.storyboard;
			sourceTree = "<group>";
		};
		47BB4E041AA42A47007F4872 /* LaunchScreen.xib */ = {
			isa = PBXVariantGroup;
			children = (
				47BB4E051AA42A47007F4872 /* Base */,
			);
			name = LaunchScreen.xib;
			sourceTree = "<group>";
		};
/* End PBXVariantGroup section */

/* Begin XCBuildConfiguration section */
		47BB4E131AA42A47007F4872 /* Debug */ = {
			isa = XCBuildConfiguration;
			buildSettings = {
				ALWAYS_SEARCH_USER_PATHS = NO;
				CLANG_CXX_LANGUAGE_STANDARD = "gnu++0x";
				CLANG_CXX_LIBRARY = "libc++";
				CLANG_ENABLE_MODULES = YES;
				CLANG_ENABLE_OBJC_ARC = YES;
				CLANG_WARN_BOOL_CONVERSION = YES;
				CLANG_WARN_CONSTANT_CONVERSION = YES;
				CLANG_WARN_DIRECT_OBJC_ISA_USAGE = YES_ERROR;
				CLANG_WARN_EMPTY_BODY = YES;
				CLANG_WARN_ENUM_CONVERSION = YES;
				CLANG_WARN_INT_CONVERSION = YES;
				CLANG_WARN_OBJC_ROOT_CLASS = YES_ERROR;
				CLANG_WARN_UNREACHABLE_CODE = YES;
				CLANG_WARN__DUPLICATE_METHOD_MATCH = YES;
				"CODE_SIGN_IDENTITY[sdk=iphoneos*]" = "iPhone Developer";
				COPY_PHASE_STRIP = NO;
				ENABLE_STRICT_OBJC_MSGSEND = YES;
				GCC_C_LANGUAGE_STANDARD = gnu99;
				GCC_DYNAMIC_NO_PIC = NO;
				GCC_OPTIMIZATION_LEVEL = 0;
				GCC_PREPROCESSOR_DEFINITIONS = (
					"DEBUG=1",
					"$(inherited)",
				);
				GCC_SYMBOLS_PRIVATE_EXTERN = NO;
				GCC_WARN_64_TO_32_BIT_CONVERSION = YES;
				GCC_WARN_ABOUT_RETURN_TYPE = YES_ERROR;
				GCC_WARN_UNDECLARED_SELECTOR = YES;
				GCC_WARN_UNINITIALIZED_AUTOS = YES_AGGRESSIVE;
				GCC_WARN_UNUSED_FUNCTION = YES;
				GCC_WARN_UNUSED_VARIABLE = YES;
				IPHONEOS_DEPLOYMENT_TARGET = 8.1;
				MTL_ENABLE_DEBUG_INFO = YES;
				ONLY_ACTIVE_ARCH = YES;
				SDKROOT = iphoneos;
				SWIFT_OPTIMIZATION_LEVEL = "-Onone";
				TARGETED_DEVICE_FAMILY = "1,2";
			};
			name = Debug;
		};
		47BB4E141AA42A47007F4872 /* Release */ = {
			isa = XCBuildConfiguration;
			buildSettings = {
				ALWAYS_SEARCH_USER_PATHS = NO;
				CLANG_CXX_LANGUAGE_STANDARD = "gnu++0x";
				CLANG_CXX_LIBRARY = "libc++";
				CLANG_ENABLE_MODULES = YES;
				CLANG_ENABLE_OBJC_ARC = YES;
				CLANG_WARN_BOOL_CONVERSION = YES;
				CLANG_WARN_CONSTANT_CONVERSION = YES;
				CLANG_WARN_DIRECT_OBJC_ISA_USAGE = YES_ERROR;
				CLANG_WARN_EMPTY_BODY = YES;
				CLANG_WARN_ENUM_CONVERSION = YES;
				CLANG_WARN_INT_CONVERSION = YES;
				CLANG_WARN_OBJC_ROOT_CLASS = YES_ERROR;
				CLANG_WARN_UNREACHABLE_CODE = YES;
				CLANG_WARN__DUPLICATE_METHOD_MATCH = YES;
				"CODE_SIGN_IDENTITY[sdk=iphoneos*]" = "iPhone Developer";
				COPY_PHASE_STRIP = YES;
				ENABLE_NS_ASSERTIONS = NO;
				ENABLE_STRICT_OBJC_MSGSEND = YES;
				GCC_C_LANGUAGE_STANDARD = gnu99;
				GCC_WARN_64_TO_32_BIT_CONVERSION = YES;
				GCC_WARN_ABOUT_RETURN_TYPE = YES_ERROR;
				GCC_WARN_UNDECLARED_SELECTOR = YES;
				GCC_WARN_UNINITIALIZED_AUTOS = YES_AGGRESSIVE;
				GCC_WARN_UNUSED_FUNCTION = YES;
				GCC_WARN_UNUSED_VARIABLE = YES;
				IPHONEOS_DEPLOYMENT_TARGET = 8.1;
				MTL_ENABLE_DEBUG_INFO = NO;
				SDKROOT = iphoneos;
				TARGETED_DEVICE_FAMILY = "1,2";
				VALIDATE_PRODUCT = YES;
			};
			name = Release;
		};
		47BB4E161AA42A47007F4872 /* Debug */ = {
			isa = XCBuildConfiguration;
			buildSettings = {
				ASSETCATALOG_COMPILER_APPICON_NAME = AppIcon;
				INFOPLIST_FILE = CoreDataSample/Info.plist;
				LD_RUNPATH_SEARCH_PATHS = "$(inherited) @executable_path/Frameworks";
				PRODUCT_NAME = "$(TARGET_NAME)";
			};
			name = Debug;
		};
		47BB4E171AA42A47007F4872 /* Release */ = {
			isa = XCBuildConfiguration;
			buildSettings = {
				ASSETCATALOG_COMPILER_APPICON_NAME = AppIcon;
				INFOPLIST_FILE = CoreDataSample/Info.plist;
				LD_RUNPATH_SEARCH_PATHS = "$(inherited) @executable_path/Frameworks";
				PRODUCT_NAME = "$(TARGET_NAME)";
			};
			name = Release;
		};
		47BB4E191AA42A47007F4872 /* Debug */ = {
			isa = XCBuildConfiguration;
			buildSettings = {
				BUNDLE_LOADER = "$(TEST_HOST)";
				FRAMEWORK_SEARCH_PATHS = (
					"$(SDKROOT)/Developer/Library/Frameworks",
					"$(inherited)",
				);
				GCC_PREPROCESSOR_DEFINITIONS = (
					"DEBUG=1",
					"$(inherited)",
				);
				INFOPLIST_FILE = CoreDataSampleTests/Info.plist;
				LD_RUNPATH_SEARCH_PATHS = "$(inherited) @executable_path/Frameworks @loader_path/Frameworks";
				PRODUCT_NAME = "$(TARGET_NAME)";
				TEST_HOST = "$(BUILT_PRODUCTS_DIR)/CoreDataSample.app/CoreDataSample";
			};
			name = Debug;
		};
		47BB4E1A1AA42A47007F4872 /* Release */ = {
			isa = XCBuildConfiguration;
			buildSettings = {
				BUNDLE_LOADER = "$(TEST_HOST)";
				FRAMEWORK_SEARCH_PATHS = (
					"$(SDKROOT)/Developer/Library/Frameworks",
					"$(inherited)",
				);
				INFOPLIST_FILE = CoreDataSampleTests/Info.plist;
				LD_RUNPATH_SEARCH_PATHS = "$(inherited) @executable_path/Frameworks @loader_path/Frameworks";
				PRODUCT_NAME = "$(TARGET_NAME)";
				TEST_HOST = "$(BUILT_PRODUCTS_DIR)/CoreDataSample.app/CoreDataSample";
			};
			name = Release;
		};
/* End XCBuildConfiguration section */

/* Begin XCConfigurationList section */
		47BB4DEE1AA42A46007F4872 /* Build configuration list for PBXProject "CoreDataSample" */ = {
			isa = XCConfigurationList;
			buildConfigurations = (
				47BB4E131AA42A47007F4872 /* Debug */,
				47BB4E141AA42A47007F4872 /* Release */,
			);
			defaultConfigurationIsVisible = 0;
			defaultConfigurationName = Release;
		};
		47BB4E151AA42A47007F4872 /* Build configuration list for PBXNativeTarget "CoreDataSample" */ = {
			isa = XCConfigurationList;
			buildConfigurations = (
				47BB4E161AA42A47007F4872 /* Debug */,
				47BB4E171AA42A47007F4872 /* Release */,
			);
			defaultConfigurationIsVisible = 0;
			defaultConfigurationName = Release;
		};
		47BB4E181AA42A47007F4872 /* Build configuration list for PBXNativeTarget "CoreDataSampleTests" */ = {
			isa = XCConfigurationList;
			buildConfigurations = (
				47BB4E191AA42A47007F4872 /* Debug */,
				47BB4E1A1AA42A47007F4872 /* Release */,
			);
			defaultConfigurationIsVisible = 0;
			defaultConfigurationName = Release;
		};
/* End XCConfigurationList section */

/* Begin XCVersionGroup section */
		47BB4DFA1AA42A47007F4872 /* CoreDataSample.xcdatamodeld */ = {
			isa = XCVersionGroup;
			children = (
				47BB4DFB1AA42A47007F4872 /* CoreDataSample.xcdatamodel */,
			);
			currentVersion = 47BB4DFB1AA42A47007F4872 /* CoreDataSample.xcdatamodel */;
			path = CoreDataSample.xcdatamodeld;
			sourceTree = "<group>";
			versionGroupType = wrapper.xcdatamodel;
		};
/* End XCVersionGroup section */
	};
	rootObject = 47BB4DEB1AA42A46007F4872 /* Project object */;
}
